# THIS IS AN AUTOGENERATED FILE. DO NOT EDIT THIS FILE DIRECTLY.
# yarn lockfile v1


"@rescript/core@^1.0.0":
  version "1.5.2"
  resolved "https://registry.yarnpkg.com/@rescript/core/-/core-1.5.2.tgz#7c15659c2e1655ca5430dd665ca5a95ae5b64673"
  integrity sha512-VWRFHrQu8hWnd9Y9LYZ8kig2urybhZlDVGy5u50bqf2WCRAeysBIfxK8eN4VlpQT38igMo0/uLX1KSpwCVMYGw==

"@rescript/react@^0.12.1":
  version "0.12.2"
  resolved "https://registry.yarnpkg.com/@rescript/react/-/react-0.12.2.tgz#a4a216cb317723005387be297008daca106540ff"
  integrity sha512-EOF19dLTG4Y9K59JqMjG5yfvIsrMZqfxGC2J/oe9gGgrMiUrzZh3KH9khTcR1Z3Ih0lRViSh0/iYnJz20gGoag==

"@tanstack/query-core@5.55.4":
  version "5.55.4"
  resolved "https://registry.yarnpkg.com/@tanstack/query-core/-/query-core-5.55.4.tgz#21ef6c6505bf108570f1c18f5f3b90efc8b1c2d6"
  integrity sha512-uoRqNnRfzOH4OMIoxj8E2+Us89UIGXfau981qYJWsNMkFS1GXR4UIyzUTVGq4N7SDLHgFPpo6IOazqUV5gkMZA==

"@tanstack/react-query@^5.22.2":
  version "5.55.4"
  resolved "https://registry.yarnpkg.com/@tanstack/react-query/-/react-query-5.55.4.tgz#4c8f54a05704e9f9a9ffc77a6dfa79b5a33f9905"
  integrity sha512-e3uX5XkLD9oTV66/VsVpkYz3Ds/ps/Yk+V5d89xthAbtNIKKBEm4FdNb9yISFzGEGezUzVO68qmfmiSrtScvsg==
  dependencies:
    "@tanstack/query-core" "5.55.4"

rescript-bun@^0.5.0:
  version "0.5.0"
  resolved "https://registry.yarnpkg.com/rescript-bun/-/rescript-bun-0.5.0.tgz#957f57533f7503cd4e36e622d57346d284d9be7b"
  integrity sha512-y7GK+RgQeaC2a8Qam0jZZ+ApTHW32s2bpVOjryeU2pHoNjtNXel7txZyywwEfC5o5rXvF7b12688YW5lO6C5jg==

rescript@>=11.0.0:
  version "11.1.4"
  resolved "https://registry.yarnpkg.com/rescript/-/rescript-11.1.4.tgz#9a42ebc4fc5363707e39cef5b3188160b63bee42"
  integrity sha512-0bGU0bocihjSC6MsE3TMjHjY0EUpchyrREquLS8VsZ3ohSMD+VHUEwimEfB3kpBI1vYkw3UFZ3WD8R28guz/Vw==
